// !$*UTF8*$!
{
	archiveVersion = 1;
	classes = {
	};
	objectVersion = 56;
	objects = {

/* Begin PBXBuildFile section */
		LC0000010000000000000001 /* LiveCashApp.swift in Sources */ = {isa = PBXBuildFile; fileRef = LC0000020000000000000001 /* LiveCashApp.swift */; };
		LC0000010000000000000002 /* FinanceCategory.swift in Sources */ = {isa = PBXBuildFile; fileRef = LC0000020000000000000002 /* FinanceCategory.swift */; };
		LC0000010000000000000003 /* Transaction.swift in Sources */ = {isa = PBXBuildFile; fileRef = LC0000020000000000000003 /* Transaction.swift */; };
		LC0000010000000000000004 /* Goal.swift in Sources */ = {isa = PBXBuildFile; fileRef = LC0000020000000000000004 /* Goal.swift */; };
		LC0000010000000000000005 /* Subscription.swift in Sources */ = {isa = PBXBuildFile; fileRef = LC0000020000000000000005 /* Subscription.swift */; };
		LC0000010000000000000006 /* PersistenceService.swift in Sources */ = {isa = PBXBuildFile; fileRef = LC0000020000000000000006 /* PersistenceService.swift */; };
		LC0000010000000000000007 /* SmartInputParser.swift in Sources */ = {isa = PBXBuildFile; fileRef = LC0000020000000000000007 /* SmartInputParser.swift */; };
		LC0000010000000000000008 /* FinanceAssistant.swift in Sources */ = {isa = PBXBuildFile; fileRef = LC0000020000000000000008 /* FinanceAssistant.swift */; };
		LC0000010000000000000009 /* SubscriptionDetector.swift in Sources */ = {isa = PBXBuildFile; fileRef = LC0000020000000000000009 /* SubscriptionDetector.swift */; };
		LC000001000000000000000A /* OCRService.swift in Sources */ = {isa = PBXBuildFile; fileRef = LC000002000000000000000A /* OCRService.swift */; };
		LC000001000000000000000B /* FinanceStore.swift in Sources */ = {isa = PBXBuildFile; fileRef = LC000002000000000000000B /* FinanceStore.swift */; };
		LC000001000000000000000C /* LiveCashTheme.swift in Sources */ = {isa = PBXBuildFile; fileRef = LC000002000000000000000C /* LiveCashTheme.swift */; };
		LC000001000000000000000D /* RootView.swift in Sources */ = {isa = PBXBuildFile; fileRef = LC000002000000000000000D /* RootView.swift */; };
		LC000001000000000000000E /* MainTabView.swift in Sources */ = {isa = PBXBuildFile; fileRef = LC000002000000000000000E /* MainTabView.swift */; };
		LC000001000000000000000F /* DashboardView.swift in Sources */ = {isa = PBXBuildFile; fileRef = LC000002000000000000000F /* DashboardView.swift */; };
		LC0000010000000000000010 /* SmartInputBar.swift in Sources */ = {isa = PBXBuildFile; fileRef = LC0000020000000000000010 /* SmartInputBar.swift */; };
		LC0000010000000000000011 /* AssistantSuggestionsView.swift in Sources */ = {isa = PBXBuildFile; fileRef = LC0000020000000000000011 /* AssistantSuggestionsView.swift */; };
		LC0000010000000000000012 /* InsightResultView.swift in Sources */ = {isa = PBXBuildFile; fileRef = LC0000020000000000000012 /* InsightResultView.swift */; };
		LC0000010000000000000013 /* TransactionRow.swift in Sources */ = {isa = PBXBuildFile; fileRef = LC0000020000000000000013 /* TransactionRow.swift */; };
		LC0000010000000000000014 /* GoalCard.swift in Sources */ = {isa = PBXBuildFile; fileRef = LC0000020000000000000014 /* GoalCard.swift */; };
		LC0000010000000000000015 /* TransactionsListView.swift in Sources */ = {isa = PBXBuildFile; fileRef = LC0000020000000000000015 /* TransactionsListView.swift */; };
		LC0000010000000000000016 /* MoneyMapView.swift in Sources */ = {isa = PBXBuildFile; fileRef = LC0000020000000000000016 /* MoneyMapView.swift */; };
		LC0000010000000000000017 /* GoalsView.swift in Sources */ = {isa = PBXBuildFile; fileRef = LC0000020000000000000017 /* GoalsView.swift */; };
		LC0000010000000000000018 /* SubscriptionsView.swift in Sources */ = {isa = PBXBuildFile; fileRef = LC0000020000000000000018 /* SubscriptionsView.swift */; };
		LC0000010000000000000019 /* MoreView.swift in Sources */ = {isa = PBXBuildFile; fileRef = LC0000020000000000000019 /* MoreView.swift */; };
		LC000001000000000000001A /* SettingsView.swift in Sources */ = {isa = PBXBuildFile; fileRef = LC000002000000000000001A /* SettingsView.swift */; };
		LC000001000000000000001B /* ReceiptScanView.swift in Sources */ = {isa = PBXBuildFile; fileRef = LC000002000000000000001B /* ReceiptScanView.swift */; };
		LC000001000000000000001C /* Assets.xcassets in Resources */ = {isa = PBXBuildFile; fileRef = LC000002000000000000001C /* Assets.xcassets */; };
/* End PBXBuildFile section */

/* Begin PBXFileReference section */
		LC0000030000000000000001 /* TimePay.app */ = {isa = PBXFileReference; explicitFileType = wrapper.application; includeInIndex = 0; path = TimePay.app; sourceTree = BUILT_PRODUCTS_DIR; };
		LC0000020000000000000001 /* LiveCashApp.swift */ = {isa = PBXFileReference; lastKnownFileType = sourcecode.swift; path = LiveCashApp.swift; sourceTree = "<group>"; };
		LC0000020000000000000002 /* FinanceCategory.swift */ = {isa = PBXFileReference; lastKnownFileType = sourcecode.swift; path = FinanceCategory.swift; sourceTree = "<group>"; };
		LC0000020000000000000003 /* Transaction.swift */ = {isa = PBXFileReference; lastKnownFileType = sourcecode.swift; path = Transaction.swift; sourceTree = "<group>"; };
		LC0000020000000000000004 /* Goal.swift */ = {isa = PBXFileReference; lastKnownFileType = sourcecode.swift; path = Goal.swift; sourceTree = "<group>"; };
		LC0000020000000000000005 /* Subscription.swift */ = {isa = PBXFileReference; lastKnownFileType = sourcecode.swift; path = Subscription.swift; sourceTree = "<group>"; };
		LC0000020000000000000006 /* PersistenceService.swift */ = {isa = PBXFileReference; lastKnownFileType = sourcecode.swift; path = PersistenceService.swift; sourceTree = "<group>"; };
		LC0000020000000000000007 /* SmartInputParser.swift */ = {isa = PBXFileReference; lastKnownFileType = sourcecode.swift; path = SmartInputParser.swift; sourceTree = "<group>"; };
		LC0000020000000000000008 /* FinanceAssistant.swift */ = {isa = PBXFileReference; lastKnownFileType = sourcecode.swift; path = FinanceAssistant.swift; sourceTree = "<group>"; };
		LC0000020000000000000009 /* SubscriptionDetector.swift */ = {isa = PBXFileReference; lastKnownFileType = sourcecode.swift; path = SubscriptionDetector.swift; sourceTree = "<group>"; };
		LC000002000000000000000A /* OCRService.swift */ = {isa = PBXFileReference; lastKnownFileType = sourcecode.swift; path = OCRService.swift; sourceTree = "<group>"; };
		LC000002000000000000000B /* FinanceStore.swift */ = {isa = PBXFileReference; lastKnownFileType = sourcecode.swift; path = FinanceStore.swift; sourceTree = "<group>"; };
		LC000002000000000000000C /* LiveCashTheme.swift */ = {isa = PBXFileReference; lastKnownFileType = sourcecode.swift; path = LiveCashTheme.swift; sourceTree = "<group>"; };
		LC000002000000000000000D /* RootView.swift */ = {isa = PBXFileReference; lastKnownFileType = sourcecode.swift; path = RootView.swift; sourceTree = "<group>"; };
		LC000002000000000000000E /* MainTabView.swift */ = {isa = PBXFileReference; lastKnownFileType = sourcecode.swift; path = MainTabView.swift; sourceTree = "<group>"; };
		LC000002000000000000000F /* DashboardView.swift */ = {isa = PBXFileReference; lastKnownFileType = sourcecode.swift; path = DashboardView.swift; sourceTree = "<group>"; };
		LC0000020000000000000010 /* SmartInputBar.swift */ = {isa = PBXFileReference; lastKnownFileType = sourcecode.swift; path = SmartInputBar.swift; sourceTree = "<group>"; };
		LC0000020000000000000011 /* AssistantSuggestionsView.swift */ = {isa = PBXFileReference; lastKnownFileType = sourcecode.swift; path = AssistantSuggestionsView.swift; sourceTree = "<group>"; };
		LC0000020000000000000012 /* InsightResultView.swift */ = {isa = PBXFileReference; lastKnownFileType = sourcecode.swift; path = InsightResultView.swift; sourceTree = "<group>"; };
		LC0000020000000000000013 /* TransactionRow.swift */ = {isa = PBXFileReference; lastKnownFileType = sourcecode.swift; path = TransactionRow.swift; sourceTree = "<group>"; };
		LC0000020000000000000014 /* GoalCard.swift */ = {isa = PBXFileReference; lastKnownFileType = sourcecode.swift; path = GoalCard.swift; sourceTree = "<group>"; };
		LC0000020000000000000015 /* TransactionsListView.swift */ = {isa = PBXFileReference; lastKnownFileType = sourcecode.swift; path = TransactionsListView.swift; sourceTree = "<group>"; };
		LC0000020000000000000016 /* MoneyMapView.swift */ = {isa = PBXFileReference; lastKnownFileType = sourcecode.swift; path = MoneyMapView.swift; sourceTree = "<group>"; };
		LC0000020000000000000017 /* GoalsView.swift */ = {isa = PBXFileReference; lastKnownFileType = sourcecode.swift; path = GoalsView.swift; sourceTree = "<group>"; };
		LC0000020000000000000018 /* SubscriptionsView.swift */ = {isa = PBXFileReference; lastKnownFileType = sourcecode.swift; path = SubscriptionsView.swift; sourceTree = "<group>"; };
		LC0000020000000000000019 /* MoreView.swift */ = {isa = PBXFileReference; lastKnownFileType = sourcecode.swift; path = MoreView.swift; sourceTree = "<group>"; };
		LC000002000000000000001A /* SettingsView.swift */ = {isa = PBXFileReference; lastKnownFileType = sourcecode.swift; path = SettingsView.swift; sourceTree = "<group>"; };
		LC000002000000000000001B /* ReceiptScanView.swift */ = {isa = PBXFileReference; lastKnownFileType = sourcecode.swift; path = ReceiptScanView.swift; sourceTree = "<group>"; };
		LC000002000000000000001C /* Assets.xcassets */ = {isa = PBXFileReference; lastKnownFileType = folder.assetcatalog; path = Assets.xcassets; sourceTree = "<group>"; };
		LC000002000000000000001D /* Info.plist */ = {isa = PBXFileReference; lastKnownFileType = text.plist.xml; path = Info.plist; sourceTree = "<group>"; };
		LC000002000000000000001E /* LiveCash.entitlements */ = {isa = PBXFileReference; lastKnownFileType = text.plist.entitlements; path = LiveCash.entitlements; sourceTree = "<group>"; };
/* End PBXFileReference section */

/* Begin PBXFrameworksBuildPhase section */
		LC0000040000000000000001 /* Frameworks */ = {
			isa = PBXFrameworksBuildPhase;
			buildActionMask = 2147483647;
			files = (
			);
			runOnlyForDeploymentPostprocessing = 0;
		};
/* End PBXFrameworksBuildPhase section */

/* Begin PBXGroup section */
		LC0000050000000000000001 = {
			isa = PBXGroup;
			children = (
				LC0000050000000000000002 /* LiveCash */,
				LC0000050000000000000003 /* Products */,
			);
			sourceTree = "<group>";
		};
		LC0000050000000000000002 /* LiveCash */ = {
			isa = PBXGroup;
			children = (
				LC0000020000000000000001 /* LiveCashApp.swift */,
				LC0000050000000000000004 /* Models */,
				LC0000050000000000000005 /* Services */,
				LC0000050000000000000006 /* Store */,
				LC0000050000000000000007 /* Theme */,
				LC0000050000000000000008 /* Views */,
				LC000002000000000000001C /* Assets.xcassets */,
				LC000002000000000000001D /* Info.plist */,
				LC000002000000000000001E /* LiveCash.entitlements */,
			);
			path = LiveCash;
			sourceTree = "<group>";
		};
		LC0000050000000000000003 /* Products */ = {
			isa = PBXGroup;
			children = (
				LC0000030000000000000001 /* TimePay.app */,
			);
			name = Products;
			sourceTree = "<group>";
		};
		LC0000050000000000000004 /* Models */ = {
			isa = PBXGroup;
			children = (
				LC0000020000000000000002 /* FinanceCategory.swift */,
				LC0000020000000000000003 /* Transaction.swift */,
				LC0000020000000000000004 /* Goal.swift */,
				LC0000020000000000000005 /* Subscription.swift */,
			);
			path = Models;
			sourceTree = "<group>";
		};
		LC0000050000000000000005 /* Services */ = {
			isa = PBXGroup;
			children = (
				LC0000020000000000000006 /* PersistenceService.swift */,
				LC0000020000000000000007 /* SmartInputParser.swift */,
				LC0000020000000000000008 /* FinanceAssistant.swift */,
				LC0000020000000000000009 /* SubscriptionDetector.swift */,
				LC000002000000000000000A /* OCRService.swift */,
			);
			path = Services;
			sourceTree = "<group>";
		};
		LC0000050000000000000006 /* Store */ = {
			isa = PBXGroup;
			children = (
				LC000002000000000000000B /* FinanceStore.swift */,
			);
			path = Store;
			sourceTree = "<group>";
		};
		LC0000050000000000000007 /* Theme */ = {
			isa = PBXGroup;
			children = (
				LC000002000000000000000C /* LiveCashTheme.swift */,
			);
			path = Theme;
			sourceTree = "<group>";
		};
		LC0000050000000000000008 /* Views */ = {
			isa = PBXGroup;
			children = (
				LC000002000000000000000D /* RootView.swift */,
				LC000002000000000000000E /* MainTabView.swift */,
				LC000002000000000000000F /* DashboardView.swift */,
				LC0000020000000000000010 /* SmartInputBar.swift */,
				LC0000020000000000000011 /* AssistantSuggestionsView.swift */,
				LC0000020000000000000012 /* InsightResultView.swift */,
				LC0000020000000000000015 /* TransactionsListView.swift */,
				LC0000020000000000000016 /* MoneyMapView.swift */,
				LC0000020000000000000017 /* GoalsView.swift */,
				LC0000020000000000000018 /* SubscriptionsView.swift */,
				LC0000020000000000000019 /* MoreView.swift */,
				LC000002000000000000001A /* SettingsView.swift */,
				LC000002000000000000001B /* ReceiptScanView.swift */,
				LC0000050000000000000009 /* Components */,
			);
			path = Views;
			sourceTree = "<group>";
		};
		LC0000050000000000000009 /* Components */ = {
			isa = PBXGroup;
			children = (
				LC0000020000000000000013 /* TransactionRow.swift */,
				LC0000020000000000000014 /* GoalCard.swift */,
			);
			path = Components;
			sourceTree = "<group>";
		};
/* End PBXGroup section */

/* Begin PBXNativeTarget section */
		LC0000060000000000000001 /* TimePay */ = {
			isa = PBXNativeTarget;
			buildConfigurationList = LC0000090000000000000003 /* Build configuration list for PBXNativeTarget "TimePay" */;
			buildPhases = (
				LC0000070000000000000001 /* Sources */,
				LC0000040000000000000001 /* Frameworks */,
				LC0000080000000000000001 /* Resources */,
			);
			buildRules = (
			);
			dependencies = (
			);
			name = TimePay;
			productName = TimePay;
			productReference = LC0000030000000000000001 /* TimePay.app */;
			productType = "com.apple.product-type.application";
		};
/* End PBXNativeTarget section */

/* Begin PBXProject section */
		LC00000A0000000000000001 /* Project object */ = {
			isa = PBXProject;
			attributes = {
				BuildIndependentTargetsInParallel = 1;
				LastSwiftUpdateCheck = 1500;
				LastUpgradeCheck = 1500;
				TargetAttributes = {
					LC0000060000000000000001 = {
						CreatedOnToolsVersion = 15.0;
					};
				};
			};
			buildConfigurationList = LC0000090000000000000001 /* Build configuration list for PBXProject "TimePay" */;
			compatibilityVersion = "Xcode 14.0";
			developmentRegion = de;
			hasScannedForEncodings = 0;
			knownRegions = (
				de,
				Base,
			);
			mainGroup = LC0000050000000000000001;
			productRefGroup = LC0000050000000000000003 /* Products */;
			projectDirPath = "";
			projectRoot = "";
			targets = (
				LC0000060000000000000001 /* TimePay */,
			);
		};
/* End PBXProject section */

/* Begin PBXResourcesBuildPhase section */
		LC0000080000000000000001 /* Resources */ = {
			isa = PBXResourcesBuildPhase;
			buildActionMask = 2147483647;
			files = (
				LC000001000000000000001C /* Assets.xcassets in Resources */,
			);
			runOnlyForDeploymentPostprocessing = 0;
		};
/* End PBXResourcesBuildPhase section */

/* Begin PBXSourcesBuildPhase section */
		LC0000070000000000000001 /* Sources */ = {
			isa = PBXSourcesBuildPhase;
			buildActionMask = 2147483647;
			files = (
				LC0000010000000000000001 /* LiveCashApp.swift in Sources */,
				LC0000010000000000000002 /* FinanceCategory.swift in Sources */,
				LC0000010000000000000003 /* Transaction.swift in Sources */,
				LC0000010000000000000004 /* Goal.swift in Sources */,
				LC0000010000000000000005 /* Subscription.swift in Sources */,
				LC0000010000000000000006 /* PersistenceService.swift in Sources */,
				LC0000010000000000000007 /* SmartInputParser.swift in Sources */,
				LC0000010000000000000008 /* FinanceAssistant.swift in Sources */,
				LC0000010000000000000009 /* SubscriptionDetector.swift in Sources */,
				LC000001000000000000000A /* OCRService.swift in Sources */,
				LC000001000000000000000B /* FinanceStore.swift in Sources */,
				LC000001000000000000000C /* LiveCashTheme.swift in Sources */,
				LC000001000000000000000D /* RootView.swift in Sources */,
				LC000001000000000000000E /* MainTabView.swift in Sources */,
				LC000001000000000000000F /* DashboardView.swift in Sources */,
				LC0000010000000000000010 /* SmartInputBar.swift in Sources */,
				LC0000010000000000000011 /* AssistantSuggestionsView.swift in Sources */,
				LC0000010000000000000012 /* InsightResultView.swift in Sources */,
				LC0000010000000000000013 /* TransactionRow.swift in Sources */,
				LC0000010000000000000014 /* GoalCard.swift in Sources */,
				LC0000010000000000000015 /* TransactionsListView.swift in Sources */,
				LC0000010000000000000016 /* MoneyMapView.swift in Sources */,
				LC0000010000000000000017 /* GoalsView.swift in Sources */,
				LC0000010000000000000018 /* SubscriptionsView.swift in Sources */,
				LC0000010000000000000019 /* MoreView.swift in Sources */,
				LC000001000000000000001A /* SettingsView.swift in Sources */,
				LC000001000000000000001B /* ReceiptScanView.swift in Sources */,
			);
			runOnlyForDeploymentPostprocessing = 0;
		};
/* End PBXSourcesBuildPhase section */

/* Begin XCBuildConfiguration section */
		LC00000B0000000000000001 /* Debug */ = {
			isa = XCBuildConfiguration;
			buildSettings = {
				ALWAYS_SEARCH_USER_PATHS = NO;
				CLANG_ENABLE_MODULES = YES;
				CLANG_ENABLE_OBJC_ARC = YES;
				COPY_PHASE_STRIP = NO;
				DEBUG_INFORMATION_FORMAT = dwarf;
				ENABLE_STRICT_OBJC_MSGSEND = YES;
				ENABLE_TESTABILITY = YES;
				GCC_DYNAMIC_NO_PIC = NO;
				GCC_OPTIMIZATION_LEVEL = 0;
				IPHONEOS_DEPLOYMENT_TARGET = 17.0;
				SDKROOT = iphoneos;
				SWIFT_ACTIVE_COMPILATION_CONDITIONS = DEBUG;
				SWIFT_OPTIMIZATION_LEVEL = "-Onone";
			};
			name = Debug;
		};
		LC00000B0000000000000002 /* Release */ = {
			isa = XCBuildConfiguration;
			buildSettings = {
				ALWAYS_SEARCH_USER_PATHS = NO;
				CLANG_ENABLE_MODULES = YES;
				CLANG_ENABLE_OBJC_ARC = YES;
				COPY_PHASE_STRIP = NO;
				DEBUG_INFORMATION_FORMAT = "dwarf-with-dsym";
				ENABLE_NS_ASSERTIONS = NO;
				ENABLE_STRICT_OBJC_MSGSEND = YES;
				IPHONEOS_DEPLOYMENT_TARGET = 17.0;
				SDKROOT = iphoneos;
				SWIFT_COMPILATION_MODE = wholemodule;
				VALIDATE_PRODUCT = NO;
			};
			name = Release;
		};
		LC00000B0000000000000003 /* Debug */ = {
			isa = XCBuildConfiguration;
			buildSettings = {
				ASSETCATALOG_COMPILER_APPICON_NAME = AppIcon;
				ASSETCATALOG_COMPILER_GLOBAL_ACCENT_COLOR_NAME = AccentColor;
				CODE_SIGN_ENTITLEMENTS = LiveCash/LiveCash.entitlements;
				CODE_SIGNING_ALLOWED = NO;
				CODE_SIGNING_REQUIRED = NO;
				CURRENT_PROJECT_VERSION = 4;
				ENABLE_PREVIEWS = YES;
				GENERATE_INFOPLIST_FILE = YES;
				INFOPLIST_FILE = LiveCash/Info.plist;
				INFOPLIST_KEY_CFBundleDisplayName = "Live Cash";
				INFOPLIST_KEY_ITSAppUsesNonExemptEncryption = NO;
				INFOPLIST_KEY_NSCameraUsageDescription = "Live Cash nutzt die Kamera zum Scannen von Belegen.";
				INFOPLIST_KEY_NSLocationWhenInUseUsageDescription = "Live Cash speichert optional deinen Standort bei Buchungen für die Geldkarte.";
				INFOPLIST_KEY_NSPhotoLibraryUsageDescription = "Live Cash benötigt Zugriff auf Fotos, um Belege zu importieren.";
				INFOPLIST_KEY_UIApplicationSceneManifest_Generation = YES;
				INFOPLIST_KEY_UIApplicationSupportsIndirectInputEvents = YES;
				INFOPLIST_KEY_UILaunchScreen_Generation = YES;
				INFOPLIST_KEY_UISupportedInterfaceOrientations = UIInterfaceOrientationPortrait;
				LD_RUNPATH_SEARCH_PATHS = (
					"$(inherited)",
					"@executable_path/Frameworks",
				);
				MARKETING_VERSION = 1.0;
				PRODUCT_BUNDLE_IDENTIFIER = de.noco.timepay;
				PRODUCT_NAME = "$(TARGET_NAME)";
				SUPPORTED_PLATFORMS = "iphoneos iphonesimulator";
				SWIFT_EMIT_LOC_STRINGS = YES;
				SWIFT_VERSION = 5.0;
				TARGETED_DEVICE_FAMILY = 1;
				VALIDATE_PRODUCT = NO;
			};
			name = Debug;
		};
		LC00000B0000000000000004 /* Release */ = {
			isa = XCBuildConfiguration;
			buildSettings = {
				ASSETCATALOG_COMPILER_APPICON_NAME = AppIcon;
				ASSETCATALOG_COMPILER_GLOBAL_ACCENT_COLOR_NAME = AccentColor;
				CODE_SIGN_ENTITLEMENTS = LiveCash/LiveCash.entitlements;
				CODE_SIGNING_ALLOWED = NO;
				CODE_SIGNING_REQUIRED = NO;
				CURRENT_PROJECT_VERSION = 4;
				ENABLE_PREVIEWS = YES;
				GENERATE_INFOPLIST_FILE = YES;
				INFOPLIST_FILE = LiveCash/Info.plist;
				INFOPLIST_KEY_CFBundleDisplayName = "Live Cash";
				INFOPLIST_KEY_ITSAppUsesNonExemptEncryption = NO;
				INFOPLIST_KEY_NSCameraUsageDescription = "Live Cash nutzt die Kamera zum Scannen von Belegen.";
				INFOPLIST_KEY_NSLocationWhenInUseUsageDescription = "Live Cash speichert optional deinen Standort bei Buchungen für die Geldkarte.";
				INFOPLIST_KEY_NSPhotoLibraryUsageDescription = "Live Cash benötigt Zugriff auf Fotos, um Belege zu importieren.";
				INFOPLIST_KEY_UIApplicationSceneManifest_Generation = YES;
				INFOPLIST_KEY_UIApplicationSupportsIndirectInputEvents = YES;
				INFOPLIST_KEY_UILaunchScreen_Generation = YES;
				INFOPLIST_KEY_UISupportedInterfaceOrientations = UIInterfaceOrientationPortrait;
				LD_RUNPATH_SEARCH_PATHS = (
					"$(inherited)",
					"@executable_path/Frameworks",
				);
				MARKETING_VERSION = 1.0;
				PRODUCT_BUNDLE_IDENTIFIER = de.noco.timepay;
				PRODUCT_NAME = "$(TARGET_NAME)";
				SUPPORTED_PLATFORMS = "iphoneos iphonesimulator";
				SWIFT_EMIT_LOC_STRINGS = YES;
				SWIFT_VERSION = 5.0;
				TARGETED_DEVICE_FAMILY = 1;
				VALIDATE_PRODUCT = NO;
			};
			name = Release;
		};
/* End XCBuildConfiguration section */

/* Begin XCConfigurationList section */
		LC0000090000000000000001 /* Build configuration list for PBXProject "TimePay" */ = {
			isa = XCConfigurationList;
			buildConfigurations = (
				LC00000B0000000000000001 /* Debug */,
				LC00000B0000000000000002 /* Release */,
			);
			defaultConfigurationIsVisible = 0;
			defaultConfigurationName = Release;
		};
		LC0000090000000000000003 /* Build configuration list for PBXNativeTarget "TimePay" */ = {
			isa = XCConfigurationList;
			buildConfigurations = (
				LC00000B0000000000000003 /* Debug */,
				LC00000B0000000000000004 /* Release */,
			);
			defaultConfigurationIsVisible = 0;
			defaultConfigurationName = Release;
		};
/* End XCConfigurationList section */
	};
	rootObject = LC00000A0000000000000001 /* Project object */;
}
